<?xml version="1.0" encoding="UTF-8" standalone="yes" ?>
<CodeBlocks_project_file>
	<FileVersion major="1" minor="6" />
	<Project>
		<Option title="gabriela-higor-yanky" />
		<Option pch_mode="2" />
		<Option compiler="gcc" />
		<Build>
			<Target title="Debug">
				<Option output="bin/Debug/gabriela-higor-yanky" prefix_auto="1" extension_auto="1" />
				<Option object_output="obj/Debug/" />
				<Option type="1" />
				<Option compiler="gcc" />
				<Compiler>
					<Add option="-g" />
				</Compiler>
			</Target>
			<Target title="Release">
				<Option output="bin/Release/gabriela-higor-yanky" prefix_auto="1" extension_auto="1" />
				<Option object_output="obj/Release/" />
				<Option type="1" />
				<Option compiler="gcc" />
				<Compiler>
					<Add option="-O2" />
				</Compiler>
				<Linker>
					<Add option="-s" />
				</Linker>
			</Target>
		</Build>
		<Compiler>
			<Add option="-Wall" />
		</Compiler>
		<Unit filename="buffer.cpp">
			<Option target="&lt;{~None~}&gt;" />
		</Unit>
		<Unit filename="buffer.h">
			<Option target="&lt;{~None~}&gt;" />
		</Unit>
		<Unit filename="main.cpp" />
		<Unit filename="respostaServidor.cpp">
			<Option target="&lt;{~None~}&gt;" />
		</Unit>
		<Unit filename="respostaServidor.h">
			<Option target="&lt;{~None~}&gt;" />
		</Unit>
		<Unit filename="servidorHttp.cpp">
			<Option target="&lt;{~None~}&gt;" />
		</Unit>
		<Unit filename="servidorHttp.h">
			<Option target="&lt;{~None~}&gt;" />
		</Unit>
		<Unit filename="socketClass.cpp">
			<Option target="&lt;{~None~}&gt;" />
		</Unit>
		<Unit filename="socketClass.h">
			<Option target="&lt;{~None~}&gt;" />
		</Unit>
		<Unit filename="tiposArq.cpp">
			<Option target="&lt;{~None~}&gt;" />
		</Unit>
		<Unit filename="tiposArq.h">
			<Option target="&lt;{~None~}&gt;" />
		</Unit>
		<Extensions />
	</Project>
</CodeBlocks_project_file>
